
Microsoft Visual Studio Solution File, Format Version 12.00
# Visual Studio Version 16
VisualStudioVersion = 16.0.29613.14
MinimumVisualStudioVersion = 10.0.40219.1
Project("{FAE04EC0-301F-11D3-BF4B-00C04F79EFBC}") = "Password Generator", "Password Generator\Password Generator.csproj", "{EF0CCC10-D3DD-4780-B68C-D80F3A32D33D}"
EndProject
Global
	GlobalSection(SolutionConfigurationPlatforms) = preSolution
		Debug|Any CPU = Debug|Any CPU
		Release|Any CPU = Release|Any CPU
	EndGlobalSection
	GlobalSection(ProjectConfigurationPlatforms) = postSolution
		{EF0CCC10-D3DD-4780-B68C-D80F3A32D33D}.Debug|Any CPU.ActiveCfg = Debug|Any CPU
		{EF0CCC10-D3DD-4780-B68C-D80F3A32D33D}.Debug|Any CPU.Build.0 = Debug|Any CPU
		{EF0CCC10-D3DD-4780-B68C-D80F3A32D33D}.Release|Any CPU.ActiveCfg = Release|Any CPU
		{EF0CCC10-D3DD-4780-B68C-D80F3A32D33D}.Release|Any CPU.Build.0 = Release|Any CPU
	EndGlobalSection
	GlobalSection(SolutionProperties) = preSolution
		HideSolutionNode = FALSE
	EndGlobalSection
	GlobalSection(ExtensibilityGlobals) = postSolution
		SolutionGuid = {F046D8CC-10D7-416C-AD91-D1F6D41065A8}
	EndGlobalSection
EndGlobal
