
Microsoft Visual Studio Solution File, Format Version 12.00
# Visual Studio Version 16
VisualStudioVersion = 16.0.30204.135
MinimumVisualStudioVersion = 10.0.40219.1
Project("{FAE04EC0-301F-11D3-BF4B-00C04F79EFBC}") = "MyFirstWFPApp", "MyFirstWFPApp\MyFirstWFPApp.csproj", "{AE0571D3-DF49-4CC4-B2DD-48E44E8C823E}"
EndProject
Global
	GlobalSection(SolutionConfigurationPlatforms) = preSolution
		Debug|Any CPU = Debug|Any CPU
		Release|Any CPU = Release|Any CPU
	EndGlobalSection
	GlobalSection(ProjectConfigurationPlatforms) = postSolution
		{AE0571D3-DF49-4CC4-B2DD-48E44E8C823E}.Debug|Any CPU.ActiveCfg = Debug|Any CPU
		{AE0571D3-DF49-4CC4-B2DD-48E44E8C823E}.Debug|Any CPU.Build.0 = Debug|Any CPU
		{AE0571D3-DF49-4CC4-B2DD-48E44E8C823E}.Release|Any CPU.ActiveCfg = Release|Any CPU
		{AE0571D3-DF49-4CC4-B2DD-48E44E8C823E}.Release|Any CPU.Build.0 = Release|Any CPU
	EndGlobalSection
	GlobalSection(SolutionProperties) = preSolution
		HideSolutionNode = FALSE
	EndGlobalSection
	GlobalSection(ExtensibilityGlobals) = postSolution
		SolutionGuid = {05473227-BA29-456C-91C8-E0F64243CC62}
	EndGlobalSection
EndGlobal
