
Microsoft Visual Studio Solution File, Format Version 12.00
# Visual Studio Version 16
VisualStudioVersion = 16.0.29613.14
MinimumVisualStudioVersion = 10.0.40219.1
Project("{FAE04EC0-301F-11D3-BF4B-00C04F79EFBC}") = "ConsoleApp1", "ConsoleApp1\ConsoleApp1.csproj", "{0C98AC71-8021-4FCA-B779-ABDE4BAF433B}"
EndProject
Global
	GlobalSection(SolutionConfigurationPlatforms) = preSolution
		Debug|Any CPU = Debug|Any CPU
		Release|Any CPU = Release|Any CPU
	EndGlobalSection
	GlobalSection(ProjectConfigurationPlatforms) = postSolution
		{0C98AC71-8021-4FCA-B779-ABDE4BAF433B}.Debug|Any CPU.ActiveCfg = Debug|Any CPU
		{0C98AC71-8021-4FCA-B779-ABDE4BAF433B}.Debug|Any CPU.Build.0 = Debug|Any CPU
		{0C98AC71-8021-4FCA-B779-ABDE4BAF433B}.Release|Any CPU.ActiveCfg = Release|Any CPU
		{0C98AC71-8021-4FCA-B779-ABDE4BAF433B}.Release|Any CPU.Build.0 = Release|Any CPU
	EndGlobalSection
	GlobalSection(SolutionProperties) = preSolution
		HideSolutionNode = FALSE
	EndGlobalSection
	GlobalSection(ExtensibilityGlobals) = postSolution
		SolutionGuid = {CB46E1B7-8BC3-496D-A80E-B92ED6FF8E69}
	EndGlobalSection
EndGlobal
